// !$*UTF8*$!
{
	archiveVersion = 1;
	classes = {
	};
	objectVersion = 50;
	objects = {

/* Begin PBXBuildFile section */
		C87220F2244F1B7F007064C4 /* AppDelegate.swift in Sources */ = {isa = PBXBuildFile; fileRef = C87220F1244F1B7F007064C4 /* AppDelegate.swift */; };
		C87220F4244F1B7F007064C4 /* SceneDelegate.swift in Sources */ = {isa = PBXBuildFile; fileRef = C87220F3244F1B7F007064C4 /* SceneDelegate.swift */; };
		C87220F6244F1B7F007064C4 /* ViewController.swift in Sources */ = {isa = PBXBuildFile; fileRef = C87220F5244F1B7F007064C4 /* ViewController.swift */; };
		C87220F9244F1B7F007064C4 /* Main.storyboard in Resources */ = {isa = PBXBuildFile; fileRef = C87220F7244F1B7F007064C4 /* Main.storyboard */; };
		C87220FB244F1B80007064C4 /* Assets.xcassets in Resources */ = {isa = PBXBuildFile; fileRef = C87220FA244F1B80007064C4 /* Assets.xcassets */; };
		C87220FE244F1B80007064C4 /* LaunchScreen.storyboard in Resources */ = {isa = PBXBuildFile; fileRef = C87220FC244F1B80007064C4 /* LaunchScreen.storyboard */; };
		C8D302542450920B009313ED /* TableViewController.swift in Sources */ = {isa = PBXBuildFile; fileRef = C8D302532450920B009313ED /* TableViewController.swift */; };
		C8D3025624509665009313ED /* TableViewCell.swift in Sources */ = {isa = PBXBuildFile; fileRef = C8D3025524509665009313ED /* TableViewCell.swift */; };
/* End PBXBuildFile section */

/* Begin PBXFileReference section */
		C87220EE244F1B7F007064C4 /* UIKit Test.app */ = {isa = PBXFileReference; explicitFileType = wrapper.application; includeInIndex = 0; path = "UIKit Test.app"; sourceTree = BUILT_PRODUCTS_DIR; };
		C87220F1244F1B7F007064C4 /* AppDelegate.swift */ = {isa = PBXFileReference; lastKnownFileType = sourcecode.swift; path = AppDelegate.swift; sourceTree = "<group>"; };
		C87220F3244F1B7F007064C4 /* SceneDelegate.swift */ = {isa = PBXFileReference; lastKnownFileType = sourcecode.swift; path = SceneDelegate.swift; sourceTree = "<group>"; };
		C87220F5244F1B7F007064C4 /* ViewController.swift */ = {isa = PBXFileReference; lastKnownFileType = sourcecode.swift; path = ViewController.swift; sourceTree = "<group>"; };
		C87220F8244F1B7F007064C4 /* Base */ = {isa = PBXFileReference; lastKnownFileType = file.storyboard; name = Base; path = Base.lproj/Main.storyboard; sourceTree = "<group>"; };
		C87220FA244F1B80007064C4 /* Assets.xcassets */ = {isa = PBXFileReference; lastKnownFileType = folder.assetcatalog; path = Assets.xcassets; sourceTree = "<group>"; };
		C87220FD244F1B80007064C4 /* Base */ = {isa = PBXFileReference; lastKnownFileType = file.storyboard; name = Base; path = Base.lproj/LaunchScreen.storyboard; sourceTree = "<group>"; };
		C87220FF244F1B80007064C4 /* Info.plist */ = {isa = PBXFileReference; lastKnownFileType = text.plist.xml; path = Info.plist; sourceTree = "<group>"; };
		C8D302532450920B009313ED /* TableViewController.swift */ = {isa = PBXFileReference; lastKnownFileType = sourcecode.swift; path = TableViewController.swift; sourceTree = "<group>"; };
		C8D3025524509665009313ED /* TableViewCell.swift */ = {isa = PBXFileReference; lastKnownFileType = sourcecode.swift; path = TableViewCell.swift; sourceTree = "<group>"; };
/* End PBXFileReference section */

/* Begin PBXFrameworksBuildPhase section */
		C87220EB244F1B7F007064C4 /* Frameworks */ = {
			isa = PBXFrameworksBuildPhase;
			buildActionMask = 2147483647;
			files = (
			);
			runOnlyForDeploymentPostprocessing = 0;
		};
/* End PBXFrameworksBuildPhase section */

/* Begin PBXGroup section */
		C87220E5244F1B7F007064C4 = {
			isa = PBXGroup;
			children = (
				C87220F0244F1B7F007064C4 /* UIKit Test */,
				C87220EF244F1B7F007064C4 /* Products */,
			);
			sourceTree = "<group>";
		};
		C87220EF244F1B7F007064C4 /* Products */ = {
			isa = PBXGroup;
			children = (
				C87220EE244F1B7F007064C4 /* UIKit Test.app */,
			);
			name = Products;
			sourceTree = "<group>";
		};
		C87220F0244F1B7F007064C4 /* UIKit Test */ = {
			isa = PBXGroup;
			children = (
				C87220F1244F1B7F007064C4 /* AppDelegate.swift */,
				C87220F3244F1B7F007064C4 /* SceneDelegate.swift */,
				C87220F5244F1B7F007064C4 /* ViewController.swift */,
				C87220F7244F1B7F007064C4 /* Main.storyboard */,
				C8D302532450920B009313ED /* TableViewController.swift */,
				C8D3025524509665009313ED /* TableViewCell.swift */,
				C87220FA244F1B80007064C4 /* Assets.xcassets */,
				C87220FC244F1B80007064C4 /* LaunchScreen.storyboard */,
				C87220FF244F1B80007064C4 /* Info.plist */,
			);
			path = "UIKit Test";
			sourceTree = "<group>";
		};
/* End PBXGroup section */

/* Begin PBXNativeTarget section */
		C87220ED244F1B7F007064C4 /* UIKit Test */ = {
			isa = PBXNativeTarget;
			buildConfigurationList = C8722102244F1B80007064C4 /* Build configuration list for PBXNativeTarget "UIKit Test" */;
			buildPhases = (
				C87220EA244F1B7F007064C4 /* Sources */,
				C87220EB244F1B7F007064C4 /* Frameworks */,
				C87220EC244F1B7F007064C4 /* Resources */,
			);
			buildRules = (
			);
			dependencies = (
			);
			name = "UIKit Test";
			productName = "UIKit Test";
			productReference = C87220EE244F1B7F007064C4 /* UIKit Test.app */;
			productType = "com.apple.product-type.application";
		};
/* End PBXNativeTarget section */

/* Begin PBXProject section */
		C87220E6244F1B7F007064C4 /* Project object */ = {
			isa = PBXProject;
			attributes = {
				LastSwiftUpdateCheck = 1140;
				LastUpgradeCheck = 1140;
				ORGANIZATIONNAME = "Mikolaj Lukasik";
				TargetAttributes = {
					C87220ED244F1B7F007064C4 = {
						CreatedOnToolsVersion = 11.4.1;
					};
				};
			};
			buildConfigurationList = C87220E9244F1B7F007064C4 /* Build configuration list for PBXProject "UIKit Test" */;
			compatibilityVersion = "Xcode 9.3";
			developmentRegion = en;
			hasScannedForEncodings = 0;
			knownRegions = (
				en,
				Base,
			);
			mainGroup = C87220E5244F1B7F007064C4;
			productRefGroup = C87220EF244F1B7F007064C4 /* Products */;
			projectDirPath = "";
			projectRoot = "";
			targets = (
				C87220ED244F1B7F007064C4 /* UIKit Test */,
			);
		};
/* End PBXProject section */

/* Begin PBXResourcesBuildPhase section */
		C87220EC244F1B7F007064C4 /* Resources */ = {
			isa = PBXResourcesBuildPhase;
			buildActionMask = 2147483647;
			files = (
				C87220FE244F1B80007064C4 /* LaunchScreen.storyboard in Resources */,
				C87220FB244F1B80007064C4 /* Assets.xcassets in Resources */,
				C87220F9244F1B7F007064C4 /* Main.storyboard in Resources */,
			);
			runOnlyForDeploymentPostprocessing = 0;
		};
/* End PBXResourcesBuildPhase section */

/* Begin PBXSourcesBuildPhase section */
		C87220EA244F1B7F007064C4 /* Sources */ = {
			isa = PBXSourcesBuildPhase;
			buildActionMask = 2147483647;
			files = (
				C8D3025624509665009313ED /* TableViewCell.swift in Sources */,
				C87220F6244F1B7F007064C4 /* ViewController.swift in Sources */,
				C87220F2244F1B7F007064C4 /* AppDelegate.swift in Sources */,
				C87220F4244F1B7F007064C4 /* SceneDelegate.swift in Sources */,
				C8D302542450920B009313ED /* TableViewController.swift in Sources */,
			);
			runOnlyForDeploymentPostprocessing = 0;
		};
/* End PBXSourcesBuildPhase section */

/* Begin PBXVariantGroup section */
		C87220F7244F1B7F007064C4 /* Main.storyboard */ = {
			isa = PBXVariantGroup;
			children = (
				C87220F8244F1B7F007064C4 /* Base */,
			);
			name = Main.storyboard;
			sourceTree = "<group>";
		};
		C87220FC244F1B80007064C4 /* LaunchScreen.storyboard */ = {
			isa = PBXVariantGroup;
			children = (
				C87220FD244F1B80007064C4 /* Base */,
			);
			name = LaunchScreen.storyboard;
			sourceTree = "<group>";
		};
/* End PBXVariantGroup section */

/* Begin XCBuildConfiguration section */
		C8722100244F1B80007064C4 /* Debug */ = {
			isa = XCBuildConfiguration;
			buildSettings = {
				ALWAYS_SEARCH_USER_PATHS = NO;
				CLANG_ANALYZER_NONNULL = YES;
				CLANG_ANALYZER_NUMBER_OBJECT_CONVERSION = YES_AGGRESSIVE;
				CLANG_CXX_LANGUAGE_STANDARD = "gnu++14";
				CLANG_CXX_LIBRARY = "libc++";
				CLANG_ENABLE_MODULES = YES;
				CLANG_ENABLE_OBJC_ARC = YES;
				CLANG_ENABLE_OBJC_WEAK = YES;
				CLANG_WARN_BLOCK_CAPTURE_AUTORELEASING = YES;
				CLANG_WARN_BOOL_CONVERSION = YES;
				CLANG_WARN_COMMA = YES;
				CLANG_WARN_CONSTANT_CONVERSION = YES;
				CLANG_WARN_DEPRECATED_OBJC_IMPLEMENTATIONS = YES;
				CLANG_WARN_DIRECT_OBJC_ISA_USAGE = YES_ERROR;
				CLANG_WARN_DOCUMENTATION_COMMENTS = YES;
				CLANG_WARN_EMPTY_BODY = YES;
				CLANG_WARN_ENUM_CONVERSION = YES;
				CLANG_WARN_INFINITE_RECURSION = YES;
				CLANG_WARN_INT_CONVERSION = YES;
				CLANG_WARN_NON_LITERAL_NULL_CONVERSION = YES;
				CLANG_WARN_OBJC_IMPLICIT_RETAIN_SELF = YES;
				CLANG_WARN_OBJC_LITERAL_CONVERSION = YES;
				CLANG_WARN_OBJC_ROOT_CLASS = YES_ERROR;
				CLANG_WARN_RANGE_LOOP_ANALYSIS = YES;
				CLANG_WARN_STRICT_PROTOTYPES = YES;
				CLANG_WARN_SUSPICIOUS_MOVE = YES;
				CLANG_WARN_UNGUARDED_AVAILABILITY = YES_AGGRESSIVE;
				CLANG_WARN_UNREACHABLE_CODE = YES;
				CLANG_WARN__DUPLICATE_METHOD_MATCH = YES;
				COPY_PHASE_STRIP = NO;
				DEBUG_INFORMATION_FORMAT = dwarf;
				ENABLE_STRICT_OBJC_MSGSEND = YES;
				ENABLE_TESTABILITY = YES;
				GCC_C_LANGUAGE_STANDARD = gnu11;
				GCC_DYNAMIC_NO_PIC = NO;
				GCC_NO_COMMON_BLOCKS = YES;
				GCC_OPTIMIZATION_LEVEL = 0;
				GCC_PREPROCESSOR_DEFINITIONS = (
					"DEBUG=1",
					"$(inherited)",
				);
				GCC_WARN_64_TO_32_BIT_CONVERSION = YES;
				GCC_WARN_ABOUT_RETURN_TYPE = YES_ERROR;
				GCC_WARN_UNDECLARED_SELECTOR = YES;
				GCC_WARN_UNINITIALIZED_AUTOS = YES_AGGRESSIVE;
				GCC_WARN_UNUSED_FUNCTION = YES;
				GCC_WARN_UNUSED_VARIABLE = YES;
				IPHONEOS_DEPLOYMENT_TARGET = 13.4;
				MTL_ENABLE_DEBUG_INFO = INCLUDE_SOURCE;
				MTL_FAST_MATH = YES;
				ONLY_ACTIVE_ARCH = YES;
				SDKROOT = iphoneos;
				SWIFT_ACTIVE_COMPILATION_CONDITIONS = DEBUG;
				SWIFT_OPTIMIZATION_LEVEL = "-Onone";
			};
			name = Debug;
		};
		C8722101244F1B80007064C4 /* Release */ = {
			isa = XCBuildConfiguration;
			buildSettings = {
				ALWAYS_SEARCH_USER_PATHS = NO;
				CLANG_ANALYZER_NONNULL = YES;
				CLANG_ANALYZER_NUMBER_OBJECT_CONVERSION = YES_AGGRESSIVE;
				CLANG_CXX_LANGUAGE_STANDARD = "gnu++14";
				CLANG_CXX_LIBRARY = "libc++";
				CLANG_ENABLE_MODULES = YES;
				CLANG_ENABLE_OBJC_ARC = YES;
				CLANG_ENABLE_OBJC_WEAK = YES;
				CLANG_WARN_BLOCK_CAPTURE_AUTORELEASING = YES;
				CLANG_WARN_BOOL_CONVERSION = YES;
				CLANG_WARN_COMMA = YES;
				CLANG_WARN_CONSTANT_CONVERSION = YES;
				CLANG_WARN_DEPRECATED_OBJC_IMPLEMENTATIONS = YES;
				CLANG_WARN_DIRECT_OBJC_ISA_USAGE = YES_ERROR;
				CLANG_WARN_DOCUMENTATION_COMMENTS = YES;
				CLANG_WARN_EMPTY_BODY = YES;
				CLANG_WARN_ENUM_CONVERSION = YES;
				CLANG_WARN_INFINITE_RECURSION = YES;
				CLANG_WARN_INT_CONVERSION = YES;
				CLANG_WARN_NON_LITERAL_NULL_CONVERSION = YES;
				CLANG_WARN_OBJC_IMPLICIT_RETAIN_SELF = YES;
				CLANG_WARN_OBJC_LITERAL_CONVERSION = YES;
				CLANG_WARN_OBJC_ROOT_CLASS = YES_ERROR;
				CLANG_WARN_RANGE_LOOP_ANALYSIS = YES;
				CLANG_WARN_STRICT_PROTOTYPES = YES;
				CLANG_WARN_SUSPICIOUS_MOVE = YES;
				CLANG_WARN_UNGUARDED_AVAILABILITY = YES_AGGRESSIVE;
				CLANG_WARN_UNREACHABLE_CODE = YES;
				CLANG_WARN__DUPLICATE_METHOD_MATCH = YES;
				COPY_PHASE_STRIP = NO;
				DEBUG_INFORMATION_FORMAT = "dwarf-with-dsym";
				ENABLE_NS_ASSERTIONS = NO;
				ENABLE_STRICT_OBJC_MSGSEND = YES;
				GCC_C_LANGUAGE_STANDARD = gnu11;
				GCC_NO_COMMON_BLOCKS = YES;
				GCC_WARN_64_TO_32_BIT_CONVERSION = YES;
				GCC_WARN_ABOUT_RETURN_TYPE = YES_ERROR;
				GCC_WARN_UNDECLARED_SELECTOR = YES;
				GCC_WARN_UNINITIALIZED_AUTOS = YES_AGGRESSIVE;
				GCC_WARN_UNUSED_FUNCTION = YES;
				GCC_WARN_UNUSED_VARIABLE = YES;
				IPHONEOS_DEPLOYMENT_TARGET = 13.4;
				MTL_ENABLE_DEBUG_INFO = NO;
				MTL_FAST_MATH = YES;
				SDKROOT = iphoneos;
				SWIFT_COMPILATION_MODE = wholemodule;
				SWIFT_OPTIMIZATION_LEVEL = "-O";
				VALIDATE_PRODUCT = YES;
			};
			name = Release;
		};
		C8722103244F1B80007064C4 /* Debug */ = {
			isa = XCBuildConfiguration;
			buildSettings = {
				ASSETCATALOG_COMPILER_APPICON_NAME = AppIcon;
				CODE_SIGN_STYLE = Automatic;
				DEVELOPMENT_TEAM = 8TYF5VAX58;
				INFOPLIST_FILE = "UIKit Test/Info.plist";
				LD_RUNPATH_SEARCH_PATHS = (
					"$(inherited)",
					"@executable_path/Frameworks",
				);
				PRODUCT_BUNDLE_IDENTIFIER = "com.mlukasik.UIKit-Test";
				PRODUCT_NAME = "$(TARGET_NAME)";
				SWIFT_VERSION = 5.0;
				TARGETED_DEVICE_FAMILY = "1,2";
			};
			name = Debug;
		};
		C8722104244F1B80007064C4 /* Release */ = {
			isa = XCBuildConfiguration;
			buildSettings = {
				ASSETCATALOG_COMPILER_APPICON_NAME = AppIcon;
				CODE_SIGN_STYLE = Automatic;
				DEVELOPMENT_TEAM = 8TYF5VAX58;
				INFOPLIST_FILE = "UIKit Test/Info.plist";
				LD_RUNPATH_SEARCH_PATHS = (
					"$(inherited)",
					"@executable_path/Frameworks",
				);
				PRODUCT_BUNDLE_IDENTIFIER = "com.mlukasik.UIKit-Test";
				PRODUCT_NAME = "$(TARGET_NAME)";
				SWIFT_VERSION = 5.0;
				TARGETED_DEVICE_FAMILY = "1,2";
			};
			name = Release;
		};
/* End XCBuildConfiguration section */

/* Begin XCConfigurationList section */
		C87220E9244F1B7F007064C4 /* Build configuration list for PBXProject "UIKit Test" */ = {
			isa = XCConfigurationList;
			buildConfigurations = (
				C8722100244F1B80007064C4 /* Debug */,
				C8722101244F1B80007064C4 /* Release */,
			);
			defaultConfigurationIsVisible = 0;
			defaultConfigurationName = Release;
		};
		C8722102244F1B80007064C4 /* Build configuration list for PBXNativeTarget "UIKit Test" */ = {
			isa = XCConfigurationList;
			buildConfigurations = (
				C8722103244F1B80007064C4 /* Debug */,
				C8722104244F1B80007064C4 /* Release */,
			);
			defaultConfigurationIsVisible = 0;
			defaultConfigurationName = Release;
		};
/* End XCConfigurationList section */
	};
	rootObject = C87220E6244F1B7F007064C4 /* Project object */;
}
